
Microsoft Visual Studio Solution File, Format Version 10.00
# Visual C++ Express 2008
Project("{8BC9CEB8-8B4A-11D0-8D11-00A0C91BC942}") = "tSubGet", "tSubGet\tSubGet.vcproj", "{F904B5F9-1021-4C15-9034-4AA8883E9767}"
	ProjectSection(ProjectDependencies) = postProject
		{6AD1881F-392A-4DC7-B587-5F8FD372E851} = {6AD1881F-392A-4DC7-B587-5F8FD372E851}
		{ED77E7C1-55F9-494F-9800-8704998B4B66} = {ED77E7C1-55F9-494F-9800-8704998B4B66}
		{D966ECC9-3366-491D-BFA4-9C534F9C76F2} = {D966ECC9-3366-491D-BFA4-9C534F9C76F2}
	EndProjectSection
EndProject
Project("{8BC9CEB8-8B4A-11D0-8D11-00A0C91BC942}") = "NullGrabber", "NullGrabber\NullGrabber.vcproj", "{6AD1881F-392A-4DC7-B587-5F8FD372E851}"
EndProject
Project("{8BC9CEB8-8B4A-11D0-8D11-00A0C91BC942}") = "tSubGetLib", "tSubGetLib\tSubGetLib.vcproj", "{ED77E7C1-55F9-494F-9800-8704998B4B66}"
	ProjectSection(ProjectDependencies) = postProject
		{6AD1881F-392A-4DC7-B587-5F8FD372E851} = {6AD1881F-392A-4DC7-B587-5F8FD372E851}
		{D966ECC9-3366-491D-BFA4-9C534F9C76F2} = {D966ECC9-3366-491D-BFA4-9C534F9C76F2}
	EndProjectSection
EndProject
Project("{8BC9CEB8-8B4A-11D0-8D11-00A0C91BC942}") = "baseLib", "baseLib\baseLib.vcproj", "{D966ECC9-3366-491D-BFA4-9C534F9C76F2}"
EndProject
Project("{8BC9CEB8-8B4A-11D0-8D11-00A0C91BC942}") = "tSubGetC", "tSubGetC\tSubGetC.vcproj", "{5C27C4E2-8655-4F81-A81C-E56F46CFF0C8}"
	ProjectSection(ProjectDependencies) = postProject
		{ED77E7C1-55F9-494F-9800-8704998B4B66} = {ED77E7C1-55F9-494F-9800-8704998B4B66}
	EndProjectSection
EndProject
Global
	GlobalSection(SolutionConfigurationPlatforms) = preSolution
		Debug|Win32 = Debug|Win32
		Release|Win32 = Release|Win32
	EndGlobalSection
	GlobalSection(ProjectConfigurationPlatforms) = postSolution
		{F904B5F9-1021-4C15-9034-4AA8883E9767}.Debug|Win32.ActiveCfg = Debug|Win32
		{F904B5F9-1021-4C15-9034-4AA8883E9767}.Debug|Win32.Build.0 = Debug|Win32
		{F904B5F9-1021-4C15-9034-4AA8883E9767}.Release|Win32.ActiveCfg = Release|Win32
		{F904B5F9-1021-4C15-9034-4AA8883E9767}.Release|Win32.Build.0 = Release|Win32
		{6AD1881F-392A-4DC7-B587-5F8FD372E851}.Debug|Win32.ActiveCfg = Debug|Win32
		{6AD1881F-392A-4DC7-B587-5F8FD372E851}.Debug|Win32.Build.0 = Debug|Win32
		{6AD1881F-392A-4DC7-B587-5F8FD372E851}.Release|Win32.ActiveCfg = Release|Win32
		{6AD1881F-392A-4DC7-B587-5F8FD372E851}.Release|Win32.Build.0 = Release|Win32
		{ED77E7C1-55F9-494F-9800-8704998B4B66}.Debug|Win32.ActiveCfg = Debug|Win32
		{ED77E7C1-55F9-494F-9800-8704998B4B66}.Debug|Win32.Build.0 = Debug|Win32
		{ED77E7C1-55F9-494F-9800-8704998B4B66}.Release|Win32.ActiveCfg = Release|Win32
		{ED77E7C1-55F9-494F-9800-8704998B4B66}.Release|Win32.Build.0 = Release|Win32
		{D966ECC9-3366-491D-BFA4-9C534F9C76F2}.Debug|Win32.ActiveCfg = Debug|Win32
		{D966ECC9-3366-491D-BFA4-9C534F9C76F2}.Debug|Win32.Build.0 = Debug|Win32
		{D966ECC9-3366-491D-BFA4-9C534F9C76F2}.Release|Win32.ActiveCfg = Release|Win32
		{D966ECC9-3366-491D-BFA4-9C534F9C76F2}.Release|Win32.Build.0 = Release|Win32
		{5C27C4E2-8655-4F81-A81C-E56F46CFF0C8}.Debug|Win32.ActiveCfg = Debug|Win32
		{5C27C4E2-8655-4F81-A81C-E56F46CFF0C8}.Debug|Win32.Build.0 = Debug|Win32
		{5C27C4E2-8655-4F81-A81C-E56F46CFF0C8}.Release|Win32.ActiveCfg = Release|Win32
		{5C27C4E2-8655-4F81-A81C-E56F46CFF0C8}.Release|Win32.Build.0 = Release|Win32
	EndGlobalSection
	GlobalSection(SolutionProperties) = preSolution
		HideSolutionNode = FALSE
	EndGlobalSection
EndGlobal
