
Microsoft Visual Studio Solution File, Format Version 10.00
# Visual C++ Express 2008
Project("{8BC9CEB8-8B4A-11D0-8D11-00A0C91BC942}") = "NullGrabber", "NullGrabber\NullGrabber.vcproj", "{04FB05C4-B456-4D10-A20D-866EB2608F03}"
EndProject
Project("{8BC9CEB8-8B4A-11D0-8D11-00A0C91BC942}") = "NullGrabberIIDs", "NullGrabberIIDs\NullGrabberIIDs.vcproj", "{556C4BB2-019B-4E70-9A06-249054FEE404}"
EndProject
Project("{8BC9CEB8-8B4A-11D0-8D11-00A0C91BC942}") = "tSubGetLib", "tSubGetLib\tSubGetLib.vcproj", "{E81B94D7-D7CC-44FB-9393-B9DD94E3D7FB}"
EndProject
Project("{8BC9CEB8-8B4A-11D0-8D11-00A0C91BC942}") = "tSubGetC", "tSubGetC\tSubGetC.vcproj", "{4262939D-19CF-4086-AFAB-9BC2271EC4C3}"
	ProjectSection(ProjectDependencies) = postProject
		{E81B94D7-D7CC-44FB-9393-B9DD94E3D7FB} = {E81B94D7-D7CC-44FB-9393-B9DD94E3D7FB}
	EndProjectSection
EndProject
Project("{8BC9CEB8-8B4A-11D0-8D11-00A0C91BC942}") = "tSubGet", "tSubGet\tSubGet.vcproj", "{1446F4D3-D8FA-40EE-8DF9-0FB4FE47A5BC}"
EndProject
Global
	GlobalSection(SolutionConfigurationPlatforms) = preSolution
		Debug|Win32 = Debug|Win32
		Release|Win32 = Release|Win32
	EndGlobalSection
	GlobalSection(ProjectConfigurationPlatforms) = postSolution
		{04FB05C4-B456-4D10-A20D-866EB2608F03}.Debug|Win32.ActiveCfg = Debug|Win32
		{04FB05C4-B456-4D10-A20D-866EB2608F03}.Debug|Win32.Build.0 = Debug|Win32
		{04FB05C4-B456-4D10-A20D-866EB2608F03}.Release|Win32.ActiveCfg = Release|Win32
		{04FB05C4-B456-4D10-A20D-866EB2608F03}.Release|Win32.Build.0 = Release|Win32
		{556C4BB2-019B-4E70-9A06-249054FEE404}.Debug|Win32.ActiveCfg = Debug|Win32
		{556C4BB2-019B-4E70-9A06-249054FEE404}.Debug|Win32.Build.0 = Debug|Win32
		{556C4BB2-019B-4E70-9A06-249054FEE404}.Release|Win32.ActiveCfg = Release|Win32
		{556C4BB2-019B-4E70-9A06-249054FEE404}.Release|Win32.Build.0 = Release|Win32
		{E81B94D7-D7CC-44FB-9393-B9DD94E3D7FB}.Debug|Win32.ActiveCfg = Debug|Win32
		{E81B94D7-D7CC-44FB-9393-B9DD94E3D7FB}.Debug|Win32.Build.0 = Debug|Win32
		{E81B94D7-D7CC-44FB-9393-B9DD94E3D7FB}.Release|Win32.ActiveCfg = Release|Win32
		{E81B94D7-D7CC-44FB-9393-B9DD94E3D7FB}.Release|Win32.Build.0 = Release|Win32
		{4262939D-19CF-4086-AFAB-9BC2271EC4C3}.Debug|Win32.ActiveCfg = Debug|Win32
		{4262939D-19CF-4086-AFAB-9BC2271EC4C3}.Debug|Win32.Build.0 = Debug|Win32
		{4262939D-19CF-4086-AFAB-9BC2271EC4C3}.Release|Win32.ActiveCfg = Release|Win32
		{4262939D-19CF-4086-AFAB-9BC2271EC4C3}.Release|Win32.Build.0 = Release|Win32
		{1446F4D3-D8FA-40EE-8DF9-0FB4FE47A5BC}.Debug|Win32.ActiveCfg = Debug|Win32
		{1446F4D3-D8FA-40EE-8DF9-0FB4FE47A5BC}.Debug|Win32.Build.0 = Debug|Win32
		{1446F4D3-D8FA-40EE-8DF9-0FB4FE47A5BC}.Release|Win32.ActiveCfg = Release|Win32
		{1446F4D3-D8FA-40EE-8DF9-0FB4FE47A5BC}.Release|Win32.Build.0 = Release|Win32
	EndGlobalSection
	GlobalSection(SolutionProperties) = preSolution
		HideSolutionNode = FALSE
	EndGlobalSection
EndGlobal
